// !$*UTF8*$!
{
	archiveVersion = 1;
	classes = {
	};
	objectVersion = 50;
	objects = {

/* Begin PBXBuildFile section */
		2704B2F323D0BA54002340CB /* BATutorialPageDelegate.swift in Sources */ = {isa = PBXBuildFile; fileRef = 2704B2F223D0BA54002340CB /* BATutorialPageDelegate.swift */; };
		2704B2F823D0C8CD002340CB /* BACoreServiceFactory.swift in Sources */ = {isa = PBXBuildFile; fileRef = 2704B2F723D0C8CD002340CB /* BACoreServiceFactory.swift */; };
		2704B2FA23D166FB002340CB /* BAService.swift in Sources */ = {isa = PBXBuildFile; fileRef = 2704B2F923D166FB002340CB /* BAService.swift */; };
		2704B2FC23D16B6B002340CB /* BAFacialExpressionService.swift in Sources */ = {isa = PBXBuildFile; fileRef = 2704B2FB23D16B6B002340CB /* BAFacialExpressionService.swift */; };
		2704B2FE23D16CE1002340CB /* FacialExpression.plist in Resources */ = {isa = PBXBuildFile; fileRef = 2704B2FD23D16CE1002340CB /* FacialExpression.plist */; };
		2704B30023D17811002340CB /* BAServiceManager.swift in Sources */ = {isa = PBXBuildFile; fileRef = 2704B2FF23D17811002340CB /* BAServiceManager.swift */; };
		2704B30323D18287002340CB /* BAFacialExpressionViewController.swift in Sources */ = {isa = PBXBuildFile; fileRef = 2704B30223D18287002340CB /* BAFacialExpressionViewController.swift */; };
		2704B30523D18CB8002340CB /* BALogger.swift in Sources */ = {isa = PBXBuildFile; fileRef = 2704B30423D18CB8002340CB /* BALogger.swift */; };
		2704B31B23D1CD40002340CB /* OpenCVWrapper.mm in Sources */ = {isa = PBXBuildFile; fileRef = 2704B31A23D1CD40002340CB /* OpenCVWrapper.mm */; };
		2704B32223D3003D002340CB /* haarcascade_frontalface_default.xml in Resources */ = {isa = PBXBuildFile; fileRef = 2704B32123D3003D002340CB /* haarcascade_frontalface_default.xml */; };
		2717D82123E1BC6000909884 /* BAModel.mlmodel in Sources */ = {isa = PBXBuildFile; fileRef = 2717D82023E1BC6000909884 /* BAModel.mlmodel */; };
		2717D82323E2CF7D00909884 /* UIDevice+Simulator.swift in Sources */ = {isa = PBXBuildFile; fileRef = 2717D82223E2CF7D00909884 /* UIDevice+Simulator.swift */; };
		2717D82523E2FBA800909884 /* BAModelLabelConverter.swift in Sources */ = {isa = PBXBuildFile; fileRef = 2717D82423E2FBA800909884 /* BAModelLabelConverter.swift */; };
		27295E8423D593B20029B818 /* BAError.swift in Sources */ = {isa = PBXBuildFile; fileRef = 27295E8323D593B20029B818 /* BAError.swift */; };
		27295E8623D5A6580029B818 /* BAFacialExpressionScoreViewController.swift in Sources */ = {isa = PBXBuildFile; fileRef = 27295E8523D5A6580029B818 /* BAFacialExpressionScoreViewController.swift */; };
		2786804D23CCCCA100DBDEB8 /* UIColor+CustomColor.swift in Sources */ = {isa = PBXBuildFile; fileRef = 2786804C23CCCCA100DBDEB8 /* UIColor+CustomColor.swift */; };
		2786805123CCD5E500DBDEB8 /* BABaseViewController.swift in Sources */ = {isa = PBXBuildFile; fileRef = 2786805023CCD5E500DBDEB8 /* BABaseViewController.swift */; };
		2786805623CD921E00DBDEB8 /* OpenSans-CondBold.ttf in Resources */ = {isa = PBXBuildFile; fileRef = 2786805323CD921D00DBDEB8 /* OpenSans-CondBold.ttf */; };
		2786805723CD921E00DBDEB8 /* OpenSans-CondLight.ttf in Resources */ = {isa = PBXBuildFile; fileRef = 2786805423CD921E00DBDEB8 /* OpenSans-CondLight.ttf */; };
		2786805823CD921E00DBDEB8 /* HoboStd.otf in Resources */ = {isa = PBXBuildFile; fileRef = 2786805523CD921E00DBDEB8 /* HoboStd.otf */; };
		278997C623D0AB0B00A5E62B /* BATutorialPageViewController.swift in Sources */ = {isa = PBXBuildFile; fileRef = 278997C523D0AB0B00A5E62B /* BATutorialPageViewController.swift */; };
		278997C923D0B4E800A5E62B /* BATutorialContainerViewController.swift in Sources */ = {isa = PBXBuildFile; fileRef = 278997C823D0B4E800A5E62B /* BATutorialContainerViewController.swift */; };
		27A17F4F23CD945A002D0EA3 /* UIFont+CustomFont.swift in Sources */ = {isa = PBXBuildFile; fileRef = 27A17F4E23CD945A002D0EA3 /* UIFont+CustomFont.swift */; };
		27A17F5323CD99E7002D0EA3 /* BATitleLabel.swift in Sources */ = {isa = PBXBuildFile; fileRef = 27A17F5223CD99E7002D0EA3 /* BATitleLabel.swift */; };
		27A17F5523CD9C5D002D0EA3 /* BAButton.swift in Sources */ = {isa = PBXBuildFile; fileRef = 27A17F5423CD9C5D002D0EA3 /* BAButton.swift */; };
		27A17F5723CDA28B002D0EA3 /* BASubtitleLabel.swift in Sources */ = {isa = PBXBuildFile; fileRef = 27A17F5623CDA28B002D0EA3 /* BASubtitleLabel.swift */; };
		27A17F5923CDA420002D0EA3 /* BAPhotoFrameImageView.swift in Sources */ = {isa = PBXBuildFile; fileRef = 27A17F5823CDA420002D0EA3 /* BAPhotoFrameImageView.swift */; };
		27A17F5C23CDB5BF002D0EA3 /* BATextLabel.swift in Sources */ = {isa = PBXBuildFile; fileRef = 27A17F5B23CDB5BF002D0EA3 /* BATextLabel.swift */; };
		27B1B60623CCC39500D9E314 /* AppDelegate.swift in Sources */ = {isa = PBXBuildFile; fileRef = 27B1B60523CCC39500D9E314 /* AppDelegate.swift */; };
		27B1B60823CCC39500D9E314 /* SceneDelegate.swift in Sources */ = {isa = PBXBuildFile; fileRef = 27B1B60723CCC39500D9E314 /* SceneDelegate.swift */; };
		27B1B60D23CCC39500D9E314 /* Main.storyboard in Resources */ = {isa = PBXBuildFile; fileRef = 27B1B60B23CCC39500D9E314 /* Main.storyboard */; };
		27B1B61023CCC39500D9E314 /* BestActor.xcdatamodeld in Sources */ = {isa = PBXBuildFile; fileRef = 27B1B60E23CCC39500D9E314 /* BestActor.xcdatamodeld */; };
		27B1B61223CCC39B00D9E314 /* Assets.xcassets in Resources */ = {isa = PBXBuildFile; fileRef = 27B1B61123CCC39B00D9E314 /* Assets.xcassets */; };
		27B1B61523CCC39B00D9E314 /* LaunchScreen.storyboard in Resources */ = {isa = PBXBuildFile; fileRef = 27B1B61323CCC39B00D9E314 /* LaunchScreen.storyboard */; };
		27FBC1E923D315D400956E5E /* BAFacialExpressionLoadingViewController.swift in Sources */ = {isa = PBXBuildFile; fileRef = 27FBC1E823D315D400956E5E /* BAFacialExpressionLoadingViewController.swift */; };
		27FBC1EB23D33C1100956E5E /* BAPredictionService.swift in Sources */ = {isa = PBXBuildFile; fileRef = 27FBC1EA23D33C1100956E5E /* BAPredictionService.swift */; };
		27FBC1ED23D3418500956E5E /* Date+CustomDate.swift in Sources */ = {isa = PBXBuildFile; fileRef = 27FBC1EC23D3418500956E5E /* Date+CustomDate.swift */; };
		27FBC1EF23D3605900956E5E /* UIImage+Orientation.swift in Sources */ = {isa = PBXBuildFile; fileRef = 27FBC1EE23D3605900956E5E /* UIImage+Orientation.swift */; };
		FBF552AAB388EF094E4E8325 /* Pods_BestActor.framework in Frameworks */ = {isa = PBXBuildFile; fileRef = 240F70320DB8FF72801FCBA9 /* Pods_BestActor.framework */; };
/* End PBXBuildFile section */

/* Begin PBXFileReference section */
		240F70320DB8FF72801FCBA9 /* Pods_BestActor.framework */ = {isa = PBXFileReference; explicitFileType = wrapper.framework; includeInIndex = 0; path = Pods_BestActor.framework; sourceTree = BUILT_PRODUCTS_DIR; };
		2704B2F223D0BA54002340CB /* BATutorialPageDelegate.swift */ = {isa = PBXFileReference; lastKnownFileType = sourcecode.swift; path = BATutorialPageDelegate.swift; sourceTree = "<group>"; };
		2704B2F723D0C8CD002340CB /* BACoreServiceFactory.swift */ = {isa = PBXFileReference; lastKnownFileType = sourcecode.swift; path = BACoreServiceFactory.swift; sourceTree = "<group>"; };
		2704B2F923D166FB002340CB /* BAService.swift */ = {isa = PBXFileReference; lastKnownFileType = sourcecode.swift; path = BAService.swift; sourceTree = "<group>"; };
		2704B2FB23D16B6B002340CB /* BAFacialExpressionService.swift */ = {isa = PBXFileReference; lastKnownFileType = sourcecode.swift; path = BAFacialExpressionService.swift; sourceTree = "<group>"; };
		2704B2FD23D16CE1002340CB /* FacialExpression.plist */ = {isa = PBXFileReference; lastKnownFileType = text.plist.xml; path = FacialExpression.plist; sourceTree = "<group>"; };
		2704B2FF23D17811002340CB /* BAServiceManager.swift */ = {isa = PBXFileReference; lastKnownFileType = sourcecode.swift; path = BAServiceManager.swift; sourceTree = "<group>"; };
		2704B30223D18287002340CB /* BAFacialExpressionViewController.swift */ = {isa = PBXFileReference; lastKnownFileType = sourcecode.swift; path = BAFacialExpressionViewController.swift; sourceTree = "<group>"; };
		2704B30423D18CB8002340CB /* BALogger.swift */ = {isa = PBXFileReference; lastKnownFileType = sourcecode.swift; path = BALogger.swift; sourceTree = "<group>"; };
		2704B31823D1CD40002340CB /* BestActor-Bridging-Header.h */ = {isa = PBXFileReference; lastKnownFileType = sourcecode.c.h; path = "BestActor-Bridging-Header.h"; sourceTree = "<group>"; };
		2704B31923D1CD40002340CB /* OpenCVWrapper.h */ = {isa = PBXFileReference; lastKnownFileType = sourcecode.c.h; path = OpenCVWrapper.h; sourceTree = "<group>"; };
		2704B31A23D1CD40002340CB /* OpenCVWrapper.mm */ = {isa = PBXFileReference; lastKnownFileType = sourcecode.cpp.objcpp; path = OpenCVWrapper.mm; sourceTree = "<group>"; };
		2704B31D23D1CE52002340CB /* PrefixHeader.pch */ = {isa = PBXFileReference; lastKnownFileType = sourcecode.c.h; path = PrefixHeader.pch; sourceTree = "<group>"; };
		2704B32123D3003D002340CB /* haarcascade_frontalface_default.xml */ = {isa = PBXFileReference; fileEncoding = 4; lastKnownFileType = text.xml; path = haarcascade_frontalface_default.xml; sourceTree = "<group>"; };
		2717D82023E1BC6000909884 /* BAModel.mlmodel */ = {isa = PBXFileReference; lastKnownFileType = file.mlmodel; path = BAModel.mlmodel; sourceTree = "<group>"; };
		2717D82223E2CF7D00909884 /* UIDevice+Simulator.swift */ = {isa = PBXFileReference; lastKnownFileType = sourcecode.swift; path = "UIDevice+Simulator.swift"; sourceTree = "<group>"; };
		2717D82423E2FBA800909884 /* BAModelLabelConverter.swift */ = {isa = PBXFileReference; lastKnownFileType = sourcecode.swift; path = BAModelLabelConverter.swift; sourceTree = "<group>"; };
		27295E8323D593B20029B818 /* BAError.swift */ = {isa = PBXFileReference; lastKnownFileType = sourcecode.swift; path = BAError.swift; sourceTree = "<group>"; };
		27295E8523D5A6580029B818 /* BAFacialExpressionScoreViewController.swift */ = {isa = PBXFileReference; lastKnownFileType = sourcecode.swift; path = BAFacialExpressionScoreViewController.swift; sourceTree = "<group>"; };
		2786804C23CCCCA100DBDEB8 /* UIColor+CustomColor.swift */ = {isa = PBXFileReference; lastKnownFileType = sourcecode.swift; path = "UIColor+CustomColor.swift"; sourceTree = "<group>"; };
		2786805023CCD5E500DBDEB8 /* BABaseViewController.swift */ = {isa = PBXFileReference; lastKnownFileType = sourcecode.swift; path = BABaseViewController.swift; sourceTree = "<group>"; };
		2786805323CD921D00DBDEB8 /* OpenSans-CondBold.ttf */ = {isa = PBXFileReference; lastKnownFileType = file; path = "OpenSans-CondBold.ttf"; sourceTree = "<group>"; };
		2786805423CD921E00DBDEB8 /* OpenSans-CondLight.ttf */ = {isa = PBXFileReference; lastKnownFileType = file; path = "OpenSans-CondLight.ttf"; sourceTree = "<group>"; };
		2786805523CD921E00DBDEB8 /* HoboStd.otf */ = {isa = PBXFileReference; lastKnownFileType = file; path = HoboStd.otf; sourceTree = "<group>"; };
		278997C523D0AB0B00A5E62B /* BATutorialPageViewController.swift */ = {isa = PBXFileReference; lastKnownFileType = sourcecode.swift; path = BATutorialPageViewController.swift; sourceTree = "<group>"; };
		278997C823D0B4E800A5E62B /* BATutorialContainerViewController.swift */ = {isa = PBXFileReference; lastKnownFileType = sourcecode.swift; path = BATutorialContainerViewController.swift; sourceTree = "<group>"; };
		27A17F4E23CD945A002D0EA3 /* UIFont+CustomFont.swift */ = {isa = PBXFileReference; lastKnownFileType = sourcecode.swift; path = "UIFont+CustomFont.swift"; sourceTree = "<group>"; };
		27A17F5223CD99E7002D0EA3 /* BATitleLabel.swift */ = {isa = PBXFileReference; lastKnownFileType = sourcecode.swift; path = BATitleLabel.swift; sourceTree = "<group>"; };
		27A17F5423CD9C5D002D0EA3 /* BAButton.swift */ = {isa = PBXFileReference; lastKnownFileType = sourcecode.swift; path = BAButton.swift; sourceTree = "<group>"; };
		27A17F5623CDA28B002D0EA3 /* BASubtitleLabel.swift */ = {isa = PBXFileReference; lastKnownFileType = sourcecode.swift; path = BASubtitleLabel.swift; sourceTree = "<group>"; };
		27A17F5823CDA420002D0EA3 /* BAPhotoFrameImageView.swift */ = {isa = PBXFileReference; lastKnownFileType = sourcecode.swift; path = BAPhotoFrameImageView.swift; sourceTree = "<group>"; };
		27A17F5B23CDB5BF002D0EA3 /* BATextLabel.swift */ = {isa = PBXFileReference; lastKnownFileType = sourcecode.swift; path = BATextLabel.swift; sourceTree = "<group>"; };
		27B1B60223CCC39500D9E314 /* BestActor.app */ = {isa = PBXFileReference; explicitFileType = wrapper.application; includeInIndex = 0; path = BestActor.app; sourceTree = BUILT_PRODUCTS_DIR; };
		27B1B60523CCC39500D9E314 /* AppDelegate.swift */ = {isa = PBXFileReference; lastKnownFileType = sourcecode.swift; path = AppDelegate.swift; sourceTree = "<group>"; };
		27B1B60723CCC39500D9E314 /* SceneDelegate.swift */ = {isa = PBXFileReference; lastKnownFileType = sourcecode.swift; path = SceneDelegate.swift; sourceTree = "<group>"; };
		27B1B60C23CCC39500D9E314 /* Base */ = {isa = PBXFileReference; lastKnownFileType = file.storyboard; name = Base; path = Base.lproj/Main.storyboard; sourceTree = "<group>"; };
		27B1B60F23CCC39500D9E314 /* BestActor.xcdatamodel */ = {isa = PBXFileReference; lastKnownFileType = wrapper.xcdatamodel; path = BestActor.xcdatamodel; sourceTree = "<group>"; };
		27B1B61123CCC39B00D9E314 /* Assets.xcassets */ = {isa = PBXFileReference; lastKnownFileType = folder.assetcatalog; path = Assets.xcassets; sourceTree = "<group>"; };
		27B1B61423CCC39B00D9E314 /* Base */ = {isa = PBXFileReference; lastKnownFileType = file.storyboard; name = Base; path = Base.lproj/LaunchScreen.storyboard; sourceTree = "<group>"; };
		27B1B61623CCC39B00D9E314 /* Info.plist */ = {isa = PBXFileReference; lastKnownFileType = text.plist.xml; path = Info.plist; sourceTree = "<group>"; };
		27FBC1E823D315D400956E5E /* BAFacialExpressionLoadingViewController.swift */ = {isa = PBXFileReference; lastKnownFileType = sourcecode.swift; path = BAFacialExpressionLoadingViewController.swift; sourceTree = "<group>"; };
		27FBC1EA23D33C1100956E5E /* BAPredictionService.swift */ = {isa = PBXFileReference; lastKnownFileType = sourcecode.swift; path = BAPredictionService.swift; sourceTree = "<group>"; };
		27FBC1EC23D3418500956E5E /* Date+CustomDate.swift */ = {isa = PBXFileReference; lastKnownFileType = sourcecode.swift; path = "Date+CustomDate.swift"; sourceTree = "<group>"; };
		27FBC1EE23D3605900956E5E /* UIImage+Orientation.swift */ = {isa = PBXFileReference; lastKnownFileType = sourcecode.swift; path = "UIImage+Orientation.swift"; sourceTree = "<group>"; };
		A10649EA7319861EA5A6B833 /* Pods-BestActor.debug.xcconfig */ = {isa = PBXFileReference; includeInIndex = 1; lastKnownFileType = text.xcconfig; name = "Pods-BestActor.debug.xcconfig"; path = "Target Support Files/Pods-BestActor/Pods-BestActor.debug.xcconfig"; sourceTree = "<group>"; };
		BDE713F363A1F66FF6177710 /* Pods-BestActor.release.xcconfig */ = {isa = PBXFileReference; includeInIndex = 1; lastKnownFileType = text.xcconfig; name = "Pods-BestActor.release.xcconfig"; path = "Target Support Files/Pods-BestActor/Pods-BestActor.release.xcconfig"; sourceTree = "<group>"; };
/* End PBXFileReference section */

/* Begin PBXFrameworksBuildPhase section */
		27B1B5FF23CCC39500D9E314 /* Frameworks */ = {
			isa = PBXFrameworksBuildPhase;
			buildActionMask = 2147483647;
			files = (
				FBF552AAB388EF094E4E8325 /* Pods_BestActor.framework in Frameworks */,
			);
			runOnlyForDeploymentPostprocessing = 0;
		};
/* End PBXFrameworksBuildPhase section */

/* Begin PBXGroup section */
		2704B2F623D0C88D002340CB /* Services */ = {
			isa = PBXGroup;
			children = (
				2704B2F923D166FB002340CB /* BAService.swift */,
				2704B2FF23D17811002340CB /* BAServiceManager.swift */,
				2704B2F723D0C8CD002340CB /* BACoreServiceFactory.swift */,
				2704B2FB23D16B6B002340CB /* BAFacialExpressionService.swift */,
				27FBC1EA23D33C1100956E5E /* BAPredictionService.swift */,
			);
			path = Services;
			sourceTree = "<group>";
		};
		2704B30123D17FF0002340CB /* FacialExpression */ = {
			isa = PBXGroup;
			children = (
				2704B30223D18287002340CB /* BAFacialExpressionViewController.swift */,
				27FBC1E823D315D400956E5E /* BAFacialExpressionLoadingViewController.swift */,
				27295E8523D5A6580029B818 /* BAFacialExpressionScoreViewController.swift */,
			);
			path = FacialExpression;
			sourceTree = "<group>";
		};
		2704B31C23D1CE23002340CB /* OpenCV */ = {
			isa = PBXGroup;
			children = (
				2704B31923D1CD40002340CB /* OpenCVWrapper.h */,
				2704B31A23D1CD40002340CB /* OpenCVWrapper.mm */,
				2704B31823D1CD40002340CB /* BestActor-Bridging-Header.h */,
				2704B31D23D1CE52002340CB /* PrefixHeader.pch */,
			);
			path = OpenCV;
			sourceTree = "<group>";
		};
		2704B31E23D1DC60002340CB /* HaarCascade */ = {
			isa = PBXGroup;
			children = (
				2704B32123D3003D002340CB /* haarcascade_frontalface_default.xml */,
			);
			path = HaarCascade;
			sourceTree = "<group>";
		};
		2717D81B23E1A50B00909884 /* ML */ = {
			isa = PBXGroup;
			children = (
				2717D82023E1BC6000909884 /* BAModel.mlmodel */,
			);
			path = ML;
			sourceTree = "<group>";
		};
		2786804B23CCCB4D00DBDEB8 /* Utils */ = {
			isa = PBXGroup;
			children = (
				2786804C23CCCCA100DBDEB8 /* UIColor+CustomColor.swift */,
				27A17F4E23CD945A002D0EA3 /* UIFont+CustomFont.swift */,
				27FBC1EE23D3605900956E5E /* UIImage+Orientation.swift */,
				2717D82223E2CF7D00909884 /* UIDevice+Simulator.swift */,
				27FBC1EC23D3418500956E5E /* Date+CustomDate.swift */,
				2717D82423E2FBA800909884 /* BAModelLabelConverter.swift */,
				2704B30423D18CB8002340CB /* BALogger.swift */,
				27295E8323D593B20029B818 /* BAError.swift */,
			);
			path = Utils;
			sourceTree = "<group>";
		};
		2786804E23CCCFDD00DBDEB8 /* Delegates */ = {
			isa = PBXGroup;
			children = (
				27B1B60523CCC39500D9E314 /* AppDelegate.swift */,
				27B1B60723CCC39500D9E314 /* SceneDelegate.swift */,
			);
			path = Delegates;
			sourceTree = "<group>";
		};
		2786804F23CCD5B700DBDEB8 /* Views */ = {
			isa = PBXGroup;
			children = (
				27A17F5A23CDB4AD002D0EA3 /* BaseViews */,
				278997C723D0B4C000A5E62B /* Tutorial */,
				2704B30123D17FF0002340CB /* FacialExpression */,
				27B1B60B23CCC39500D9E314 /* Main.storyboard */,
				27B1B61323CCC39B00D9E314 /* LaunchScreen.storyboard */,
			);
			path = Views;
			sourceTree = "<group>";
		};
		2786805223CD920A00DBDEB8 /* Fonts */ = {
			isa = PBXGroup;
			children = (
				2786805523CD921E00DBDEB8 /* HoboStd.otf */,
				2786805323CD921D00DBDEB8 /* OpenSans-CondBold.ttf */,
				2786805423CD921E00DBDEB8 /* OpenSans-CondLight.ttf */,
			);
			path = Fonts;
			sourceTree = "<group>";
		};
		278997C723D0B4C000A5E62B /* Tutorial */ = {
			isa = PBXGroup;
			children = (
				278997C523D0AB0B00A5E62B /* BATutorialPageViewController.swift */,
				278997C823D0B4E800A5E62B /* BATutorialContainerViewController.swift */,
				2704B2F223D0BA54002340CB /* BATutorialPageDelegate.swift */,
			);
			path = Tutorial;
			sourceTree = "<group>";
		};
		27A17F5A23CDB4AD002D0EA3 /* BaseViews */ = {
			isa = PBXGroup;
			children = (
				2786805023CCD5E500DBDEB8 /* BABaseViewController.swift */,
				27A17F5223CD99E7002D0EA3 /* BATitleLabel.swift */,
				27A17F5423CD9C5D002D0EA3 /* BAButton.swift */,
				27A17F5623CDA28B002D0EA3 /* BASubtitleLabel.swift */,
				27A17F5823CDA420002D0EA3 /* BAPhotoFrameImageView.swift */,
				27A17F5B23CDB5BF002D0EA3 /* BATextLabel.swift */,
			);
			path = BaseViews;
			sourceTree = "<group>";
		};
		27B1B5F923CCC39500D9E314 = {
			isa = PBXGroup;
			children = (
				27B1B60423CCC39500D9E314 /* BestActor */,
				27B1B60323CCC39500D9E314 /* Products */,
				FEC9A65C65968D2A85E6DB02 /* Pods */,
				7CCDF535761567D8084376C8 /* Frameworks */,
			);
			sourceTree = "<group>";
		};
		27B1B60323CCC39500D9E314 /* Products */ = {
			isa = PBXGroup;
			children = (
				27B1B60223CCC39500D9E314 /* BestActor.app */,
			);
			name = Products;
			sourceTree = "<group>";
		};
		27B1B60423CCC39500D9E314 /* BestActor */ = {
			isa = PBXGroup;
			children = (
				2786804F23CCD5B700DBDEB8 /* Views */,
				2704B2F623D0C88D002340CB /* Services */,
				2786804E23CCCFDD00DBDEB8 /* Delegates */,
				2704B31C23D1CE23002340CB /* OpenCV */,
				2786804B23CCCB4D00DBDEB8 /* Utils */,
				2786805223CD920A00DBDEB8 /* Fonts */,
				2704B31E23D1DC60002340CB /* HaarCascade */,
				2717D81B23E1A50B00909884 /* ML */,
				27B1B61123CCC39B00D9E314 /* Assets.xcassets */,
				27B1B61623CCC39B00D9E314 /* Info.plist */,
				2704B2FD23D16CE1002340CB /* FacialExpression.plist */,
				27B1B60E23CCC39500D9E314 /* BestActor.xcdatamodeld */,
			);
			path = BestActor;
			sourceTree = "<group>";
		};
		7CCDF535761567D8084376C8 /* Frameworks */ = {
			isa = PBXGroup;
			children = (
				240F70320DB8FF72801FCBA9 /* Pods_BestActor.framework */,
			);
			name = Frameworks;
			sourceTree = "<group>";
		};
		FEC9A65C65968D2A85E6DB02 /* Pods */ = {
			isa = PBXGroup;
			children = (
				A10649EA7319861EA5A6B833 /* Pods-BestActor.debug.xcconfig */,
				BDE713F363A1F66FF6177710 /* Pods-BestActor.release.xcconfig */,
			);
			path = Pods;
			sourceTree = "<group>";
		};
/* End PBXGroup section */

/* Begin PBXNativeTarget section */
		27B1B60123CCC39500D9E314 /* BestActor */ = {
			isa = PBXNativeTarget;
			buildConfigurationList = 27B1B61923CCC39B00D9E314 /* Build configuration list for PBXNativeTarget "BestActor" */;
			buildPhases = (
				76DE996365459E258C6FF0B8 /* [CP] Check Pods Manifest.lock */,
				27B1B5FE23CCC39500D9E314 /* Sources */,
				27B1B5FF23CCC39500D9E314 /* Frameworks */,
				27B1B60023CCC39500D9E314 /* Resources */,
			);
			buildRules = (
			);
			dependencies = (
			);
			name = BestActor;
			productName = BestActor;
			productReference = 27B1B60223CCC39500D9E314 /* BestActor.app */;
			productType = "com.apple.product-type.application";
		};
/* End PBXNativeTarget section */

/* Begin PBXProject section */
		27B1B5FA23CCC39500D9E314 /* Project object */ = {
			isa = PBXProject;
			attributes = {
				LastSwiftUpdateCheck = 1130;
				LastUpgradeCheck = 1130;
				ORGANIZATIONNAME = Mikemikezhu;
				TargetAttributes = {
					27B1B60123CCC39500D9E314 = {
						CreatedOnToolsVersion = 11.3;
						LastSwiftMigration = 1130;
					};
				};
			};
			buildConfigurationList = 27B1B5FD23CCC39500D9E314 /* Build configuration list for PBXProject "BestActor" */;
			compatibilityVersion = "Xcode 9.3";
			developmentRegion = en;
			hasScannedForEncodings = 0;
			knownRegions = (
				en,
				Base,
			);
			mainGroup = 27B1B5F923CCC39500D9E314;
			productRefGroup = 27B1B60323CCC39500D9E314 /* Products */;
			projectDirPath = "";
			projectRoot = "";
			targets = (
				27B1B60123CCC39500D9E314 /* BestActor */,
			);
		};
/* End PBXProject section */

/* Begin PBXResourcesBuildPhase section */
		27B1B60023CCC39500D9E314 /* Resources */ = {
			isa = PBXResourcesBuildPhase;
			buildActionMask = 2147483647;
			files = (
				2704B2FE23D16CE1002340CB /* FacialExpression.plist in Resources */,
				27B1B61523CCC39B00D9E314 /* LaunchScreen.storyboard in Resources */,
				2704B32223D3003D002340CB /* haarcascade_frontalface_default.xml in Resources */,
				27B1B61223CCC39B00D9E314 /* Assets.xcassets in Resources */,
				2786805623CD921E00DBDEB8 /* OpenSans-CondBold.ttf in Resources */,
				2786805823CD921E00DBDEB8 /* HoboStd.otf in Resources */,
				27B1B60D23CCC39500D9E314 /* Main.storyboard in Resources */,
				2786805723CD921E00DBDEB8 /* OpenSans-CondLight.ttf in Resources */,
			);
			runOnlyForDeploymentPostprocessing = 0;
		};
/* End PBXResourcesBuildPhase section */

/* Begin PBXShellScriptBuildPhase section */
		76DE996365459E258C6FF0B8 /* [CP] Check Pods Manifest.lock */ = {
			isa = PBXShellScriptBuildPhase;
			buildActionMask = 2147483647;
			files = (
			);
			inputFileListPaths = (
			);
			inputPaths = (
				"${PODS_PODFILE_DIR_PATH}/Podfile.lock",
				"${PODS_ROOT}/Manifest.lock",
			);
			name = "[CP] Check Pods Manifest.lock";
			outputFileListPaths = (
			);
			outputPaths = (
				"$(DERIVED_FILE_DIR)/Pods-BestActor-checkManifestLockResult.txt",
			);
			runOnlyForDeploymentPostprocessing = 0;
			shellPath = /bin/sh;
			shellScript = "diff \"${PODS_PODFILE_DIR_PATH}/Podfile.lock\" \"${PODS_ROOT}/Manifest.lock\" > /dev/null\nif [ $? != 0 ] ; then\n    # print error to STDERR\n    echo \"error: The sandbox is not in sync with the Podfile.lock. Run 'pod install' or update your CocoaPods installation.\" >&2\n    exit 1\nfi\n# This output is used by Xcode 'outputs' to avoid re-running this script phase.\necho \"SUCCESS\" > \"${SCRIPT_OUTPUT_FILE_0}\"\n";
			showEnvVarsInLog = 0;
		};
/* End PBXShellScriptBuildPhase section */

/* Begin PBXSourcesBuildPhase section */
		27B1B5FE23CCC39500D9E314 /* Sources */ = {
			isa = PBXSourcesBuildPhase;
			buildActionMask = 2147483647;
			files = (
				2704B30023D17811002340CB /* BAServiceManager.swift in Sources */,
				27A17F5923CDA420002D0EA3 /* BAPhotoFrameImageView.swift in Sources */,
				2717D82323E2CF7D00909884 /* UIDevice+Simulator.swift in Sources */,
				27FBC1ED23D3418500956E5E /* Date+CustomDate.swift in Sources */,
				2704B31B23D1CD40002340CB /* OpenCVWrapper.mm in Sources */,
				278997C923D0B4E800A5E62B /* BATutorialContainerViewController.swift in Sources */,
				27A17F4F23CD945A002D0EA3 /* UIFont+CustomFont.swift in Sources */,
				2704B30523D18CB8002340CB /* BALogger.swift in Sources */,
				27A17F5323CD99E7002D0EA3 /* BATitleLabel.swift in Sources */,
				27B1B61023CCC39500D9E314 /* BestActor.xcdatamodeld in Sources */,
				27B1B60623CCC39500D9E314 /* AppDelegate.swift in Sources */,
				2786804D23CCCCA100DBDEB8 /* UIColor+CustomColor.swift in Sources */,
				27B1B60823CCC39500D9E314 /* SceneDelegate.swift in Sources */,
				27FBC1EF23D3605900956E5E /* UIImage+Orientation.swift in Sources */,
				278997C623D0AB0B00A5E62B /* BATutorialPageViewController.swift in Sources */,
				27FBC1E923D315D400956E5E /* BAFacialExpressionLoadingViewController.swift in Sources */,
				27A17F5C23CDB5BF002D0EA3 /* BATextLabel.swift in Sources */,
				2704B30323D18287002340CB /* BAFacialExpressionViewController.swift in Sources */,
				2717D82523E2FBA800909884 /* BAModelLabelConverter.swift in Sources */,
				27FBC1EB23D33C1100956E5E /* BAPredictionService.swift in Sources */,
				27A17F5523CD9C5D002D0EA3 /* BAButton.swift in Sources */,
				2786805123CCD5E500DBDEB8 /* BABaseViewController.swift in Sources */,
				2704B2FC23D16B6B002340CB /* BAFacialExpressionService.swift in Sources */,
				2704B2F323D0BA54002340CB /* BATutorialPageDelegate.swift in Sources */,
				27A17F5723CDA28B002D0EA3 /* BASubtitleLabel.swift in Sources */,
				2704B2FA23D166FB002340CB /* BAService.swift in Sources */,
				27295E8623D5A6580029B818 /* BAFacialExpressionScoreViewController.swift in Sources */,
				2704B2F823D0C8CD002340CB /* BACoreServiceFactory.swift in Sources */,
				27295E8423D593B20029B818 /* BAError.swift in Sources */,
				2717D82123E1BC6000909884 /* BAModel.mlmodel in Sources */,
			);
			runOnlyForDeploymentPostprocessing = 0;
		};
/* End PBXSourcesBuildPhase section */

/* Begin PBXVariantGroup section */
		27B1B60B23CCC39500D9E314 /* Main.storyboard */ = {
			isa = PBXVariantGroup;
			children = (
				27B1B60C23CCC39500D9E314 /* Base */,
			);
			name = Main.storyboard;
			sourceTree = "<group>";
		};
		27B1B61323CCC39B00D9E314 /* LaunchScreen.storyboard */ = {
			isa = PBXVariantGroup;
			children = (
				27B1B61423CCC39B00D9E314 /* Base */,
			);
			name = LaunchScreen.storyboard;
			sourceTree = "<group>";
		};
/* End PBXVariantGroup section */

/* Begin XCBuildConfiguration section */
		27B1B61723CCC39B00D9E314 /* Debug */ = {
			isa = XCBuildConfiguration;
			buildSettings = {
				ALWAYS_SEARCH_USER_PATHS = NO;
				CLANG_ANALYZER_NONNULL = YES;
				CLANG_ANALYZER_NUMBER_OBJECT_CONVERSION = YES_AGGRESSIVE;
				CLANG_CXX_LANGUAGE_STANDARD = "gnu++14";
				CLANG_CXX_LIBRARY = "libc++";
				CLANG_ENABLE_MODULES = YES;
				CLANG_ENABLE_OBJC_ARC = YES;
				CLANG_ENABLE_OBJC_WEAK = YES;
				CLANG_WARN_BLOCK_CAPTURE_AUTORELEASING = YES;
				CLANG_WARN_BOOL_CONVERSION = YES;
				CLANG_WARN_COMMA = YES;
				CLANG_WARN_CONSTANT_CONVERSION = YES;
				CLANG_WARN_DEPRECATED_OBJC_IMPLEMENTATIONS = YES;
				CLANG_WARN_DIRECT_OBJC_ISA_USAGE = YES_ERROR;
				CLANG_WARN_DOCUMENTATION_COMMENTS = YES;
				CLANG_WARN_EMPTY_BODY = YES;
				CLANG_WARN_ENUM_CONVERSION = YES;
				CLANG_WARN_INFINITE_RECURSION = YES;
				CLANG_WARN_INT_CONVERSION = YES;
				CLANG_WARN_NON_LITERAL_NULL_CONVERSION = YES;
				CLANG_WARN_OBJC_IMPLICIT_RETAIN_SELF = YES;
				CLANG_WARN_OBJC_LITERAL_CONVERSION = YES;
				CLANG_WARN_OBJC_ROOT_CLASS = YES_ERROR;
				CLANG_WARN_RANGE_LOOP_ANALYSIS = YES;
				CLANG_WARN_STRICT_PROTOTYPES = YES;
				CLANG_WARN_SUSPICIOUS_MOVE = YES;
				CLANG_WARN_UNGUARDED_AVAILABILITY = YES_AGGRESSIVE;
				CLANG_WARN_UNREACHABLE_CODE = YES;
				CLANG_WARN__DUPLICATE_METHOD_MATCH = YES;
				COPY_PHASE_STRIP = NO;
				DEBUG_INFORMATION_FORMAT = dwarf;
				ENABLE_STRICT_OBJC_MSGSEND = YES;
				ENABLE_TESTABILITY = YES;
				GCC_C_LANGUAGE_STANDARD = gnu11;
				GCC_DYNAMIC_NO_PIC = NO;
				GCC_NO_COMMON_BLOCKS = YES;
				GCC_OPTIMIZATION_LEVEL = 0;
				GCC_PREPROCESSOR_DEFINITIONS = (
					"DEBUG=1",
					"$(inherited)",
				);
				GCC_WARN_64_TO_32_BIT_CONVERSION = YES;
				GCC_WARN_ABOUT_RETURN_TYPE = YES_ERROR;
				GCC_WARN_UNDECLARED_SELECTOR = YES;
				GCC_WARN_UNINITIALIZED_AUTOS = YES_AGGRESSIVE;
				GCC_WARN_UNUSED_FUNCTION = YES;
				GCC_WARN_UNUSED_VARIABLE = YES;
				IPHONEOS_DEPLOYMENT_TARGET = 13.2;
				MTL_ENABLE_DEBUG_INFO = INCLUDE_SOURCE;
				MTL_FAST_MATH = YES;
				ONLY_ACTIVE_ARCH = YES;
				SDKROOT = iphoneos;
				SWIFT_ACTIVE_COMPILATION_CONDITIONS = DEBUG;
				SWIFT_OPTIMIZATION_LEVEL = "-Onone";
			};
			name = Debug;
		};
		27B1B61823CCC39B00D9E314 /* Release */ = {
			isa = XCBuildConfiguration;
			buildSettings = {
				ALWAYS_SEARCH_USER_PATHS = NO;
				CLANG_ANALYZER_NONNULL = YES;
				CLANG_ANALYZER_NUMBER_OBJECT_CONVERSION = YES_AGGRESSIVE;
				CLANG_CXX_LANGUAGE_STANDARD = "gnu++14";
				CLANG_CXX_LIBRARY = "libc++";
				CLANG_ENABLE_MODULES = YES;
				CLANG_ENABLE_OBJC_ARC = YES;
				CLANG_ENABLE_OBJC_WEAK = YES;
				CLANG_WARN_BLOCK_CAPTURE_AUTORELEASING = YES;
				CLANG_WARN_BOOL_CONVERSION = YES;
				CLANG_WARN_COMMA = YES;
				CLANG_WARN_CONSTANT_CONVERSION = YES;
				CLANG_WARN_DEPRECATED_OBJC_IMPLEMENTATIONS = YES;
				CLANG_WARN_DIRECT_OBJC_ISA_USAGE = YES_ERROR;
				CLANG_WARN_DOCUMENTATION_COMMENTS = YES;
				CLANG_WARN_EMPTY_BODY = YES;
				CLANG_WARN_ENUM_CONVERSION = YES;
				CLANG_WARN_INFINITE_RECURSION = YES;
				CLANG_WARN_INT_CONVERSION = YES;
				CLANG_WARN_NON_LITERAL_NULL_CONVERSION = YES;
				CLANG_WARN_OBJC_IMPLICIT_RETAIN_SELF = YES;
				CLANG_WARN_OBJC_LITERAL_CONVERSION = YES;
				CLANG_WARN_OBJC_ROOT_CLASS = YES_ERROR;
				CLANG_WARN_RANGE_LOOP_ANALYSIS = YES;
				CLANG_WARN_STRICT_PROTOTYPES = YES;
				CLANG_WARN_SUSPICIOUS_MOVE = YES;
				CLANG_WARN_UNGUARDED_AVAILABILITY = YES_AGGRESSIVE;
				CLANG_WARN_UNREACHABLE_CODE = YES;
				CLANG_WARN__DUPLICATE_METHOD_MATCH = YES;
				COPY_PHASE_STRIP = NO;
				DEBUG_INFORMATION_FORMAT = "dwarf-with-dsym";
				ENABLE_NS_ASSERTIONS = NO;
				ENABLE_STRICT_OBJC_MSGSEND = YES;
				GCC_C_LANGUAGE_STANDARD = gnu11;
				GCC_NO_COMMON_BLOCKS = YES;
				GCC_WARN_64_TO_32_BIT_CONVERSION = YES;
				GCC_WARN_ABOUT_RETURN_TYPE = YES_ERROR;
				GCC_WARN_UNDECLARED_SELECTOR = YES;
				GCC_WARN_UNINITIALIZED_AUTOS = YES_AGGRESSIVE;
				GCC_WARN_UNUSED_FUNCTION = YES;
				GCC_WARN_UNUSED_VARIABLE = YES;
				IPHONEOS_DEPLOYMENT_TARGET = 13.2;
				MTL_ENABLE_DEBUG_INFO = NO;
				MTL_FAST_MATH = YES;
				SDKROOT = iphoneos;
				SWIFT_COMPILATION_MODE = wholemodule;
				SWIFT_OPTIMIZATION_LEVEL = "-O";
				VALIDATE_PRODUCT = YES;
			};
			name = Release;
		};
		27B1B61A23CCC39B00D9E314 /* Debug */ = {
			isa = XCBuildConfiguration;
			baseConfigurationReference = A10649EA7319861EA5A6B833 /* Pods-BestActor.debug.xcconfig */;
			buildSettings = {
				ASSETCATALOG_COMPILER_APPICON_NAME = AppIcon;
				CLANG_ENABLE_MODULES = YES;
				CODE_SIGN_STYLE = Automatic;
				DEVELOPMENT_TEAM = TXTUYTMEVP;
				FRAMEWORK_SEARCH_PATHS = "$(inherited)";
				GCC_PREFIX_HEADER = "$(SRCROOT)/BestActor/OpenCV/PrefixHeader.pch";
				INFOPLIST_FILE = BestActor/Info.plist;
				IPHONEOS_DEPLOYMENT_TARGET = 10.0;
				LD_RUNPATH_SEARCH_PATHS = (
					"$(inherited)",
					"@executable_path/Frameworks",
				);
				"OTHER_SWIFT_FLAGS[sdk=iphonesimulator*]" = "-D IOS_SIMULATOR";
				PRODUCT_BUNDLE_IDENTIFIER = com.mikemikezhu.BestActor;
				PRODUCT_NAME = "$(TARGET_NAME)";
				SWIFT_OBJC_BRIDGING_HEADER = "$(SRCROOT)/BestActor/OpenCV/BestActor-Bridging-Header.h";
				SWIFT_OPTIMIZATION_LEVEL = "-Onone";
				SWIFT_VERSION = 5.0;
				TARGETED_DEVICE_FAMILY = "1,2";
			};
			name = Debug;
		};
		27B1B61B23CCC39B00D9E314 /* Release */ = {
			isa = XCBuildConfiguration;
			baseConfigurationReference = BDE713F363A1F66FF6177710 /* Pods-BestActor.release.xcconfig */;
			buildSettings = {
				ASSETCATALOG_COMPILER_APPICON_NAME = AppIcon;
				CLANG_ENABLE_MODULES = YES;
				CODE_SIGN_STYLE = Automatic;
				DEVELOPMENT_TEAM = TXTUYTMEVP;
				FRAMEWORK_SEARCH_PATHS = "$(inherited)";
				GCC_PREFIX_HEADER = "$(SRCROOT)/BestActor/OpenCV/PrefixHeader.pch";
				INFOPLIST_FILE = BestActor/Info.plist;
				IPHONEOS_DEPLOYMENT_TARGET = 10.0;
				LD_RUNPATH_SEARCH_PATHS = (
					"$(inherited)",
					"@executable_path/Frameworks",
				);
				PRODUCT_BUNDLE_IDENTIFIER = com.mikemikezhu.BestActor;
				PRODUCT_NAME = "$(TARGET_NAME)";
				SWIFT_OBJC_BRIDGING_HEADER = "$(SRCROOT)/BestActor/OpenCV/BestActor-Bridging-Header.h";
				SWIFT_VERSION = 5.0;
				TARGETED_DEVICE_FAMILY = "1,2";
			};
			name = Release;
		};
/* End XCBuildConfiguration section */

/* Begin XCConfigurationList section */
		27B1B5FD23CCC39500D9E314 /* Build configuration list for PBXProject "BestActor" */ = {
			isa = XCConfigurationList;
			buildConfigurations = (
				27B1B61723CCC39B00D9E314 /* Debug */,
				27B1B61823CCC39B00D9E314 /* Release */,
			);
			defaultConfigurationIsVisible = 0;
			defaultConfigurationName = Release;
		};
		27B1B61923CCC39B00D9E314 /* Build configuration list for PBXNativeTarget "BestActor" */ = {
			isa = XCConfigurationList;
			buildConfigurations = (
				27B1B61A23CCC39B00D9E314 /* Debug */,
				27B1B61B23CCC39B00D9E314 /* Release */,
			);
			defaultConfigurationIsVisible = 0;
			defaultConfigurationName = Release;
		};
/* End XCConfigurationList section */

/* Begin XCVersionGroup section */
		27B1B60E23CCC39500D9E314 /* BestActor.xcdatamodeld */ = {
			isa = XCVersionGroup;
			children = (
				27B1B60F23CCC39500D9E314 /* BestActor.xcdatamodel */,
			);
			currentVersion = 27B1B60F23CCC39500D9E314 /* BestActor.xcdatamodel */;
			path = BestActor.xcdatamodeld;
			sourceTree = "<group>";
			versionGroupType = wrapper.xcdatamodel;
		};
/* End XCVersionGroup section */
	};
	rootObject = 27B1B5FA23CCC39500D9E314 /* Project object */;
}
